# Generated by pub
# See https://dart.dev/tools/pub/glossary#lockfile
packages:
  cloud_firestore:
    dependency: "direct main"
    description:
      name: cloud_firestore
      url: "https://pub.dartlang.org"
    source: hosted
    version: "0.12.9+4"
  collection:
    dependency: transitive
    description:
      name: collection
      url: "https://pub.dartlang.org"
    source: hosted
    version: "1.14.11"
  firebase_core:
    dependency: transitive
    description:
      name: firebase_core
      url: "https://pub.dartlang.org"
    source: hosted
    version: "0.4.0+9"
  firebaseauth_wrapper:
    dependency: "direct main"
    description:
      path: firebaseauth_wrapper
      ref: HEAD
      resolved-ref: "00348e4b9b0ee7e0dea5df622bc1a49e689de003"
      url: "https://github.com/paulorobertocruz/firebaseauth_wrapper.git"
    source: git
    version: "0.0.1"
  flutter:
    dependency: "direct main"
    description: flutter
    source: sdk
    version: "0.0.0"
  meta:
    dependency: transitive
    description:
      name: meta
      url: "https://pub.dartlang.org"
    source: hosted
    version: "1.1.7"
  sky_engine:
    dependency: transitive
    description: flutter
    source: sdk
    version: "0.0.99"
  typed_data:
    dependency: transitive
    description:
      name: typed_data
      url: "https://pub.dartlang.org"
    source: hosted
    version: "1.1.6"
  vector_math:
    dependency: transitive
    description:
      name: vector_math
      url: "https://pub.dartlang.org"
    source: hosted
    version: "2.0.8"
sdks:
  dart: ">=2.2.2 <3.0.0"
  flutter: ">=1.5.0 <2.0.0"
